
Microsoft Visual Studio Solution File, Format Version 12.00
# Visual Studio Version 16
VisualStudioVersion = 16.0.28803.352
MinimumVisualStudioVersion = 10.0.40219.1
Project("{FAE04EC0-301F-11D3-BF4B-00C04F79EFBC}") = "Challenges", "Challenges\Challenges.csproj", "{3F425870-1736-48C7-9861-90F1C1A38CEE}"
EndProject
Global
	GlobalSection(SolutionConfigurationPlatforms) = preSolution
		Debug|Any CPU = Debug|Any CPU
		Release|Any CPU = Release|Any CPU
	EndGlobalSection
	GlobalSection(ProjectConfigurationPlatforms) = postSolution
		{3F425870-1736-48C7-9861-90F1C1A38CEE}.Debug|Any CPU.ActiveCfg = Debug|Any CPU
		{3F425870-1736-48C7-9861-90F1C1A38CEE}.Debug|Any CPU.Build.0 = Debug|Any CPU
		{3F425870-1736-48C7-9861-90F1C1A38CEE}.Release|Any CPU.ActiveCfg = Release|Any CPU
		{3F425870-1736-48C7-9861-90F1C1A38CEE}.Release|Any CPU.Build.0 = Release|Any CPU
	EndGlobalSection
	GlobalSection(SolutionProperties) = preSolution
		HideSolutionNode = FALSE
	EndGlobalSection
	GlobalSection(ExtensibilityGlobals) = postSolution
		SolutionGuid = {8CE08D37-1DBC-4D98-8238-85865DF36648}
	EndGlobalSection
EndGlobal
