
Microsoft Visual Studio Solution File, Format Version 12.00
# Visual Studio Version 16
VisualStudioVersion = 16.0.28803.352
MinimumVisualStudioVersion = 10.0.40219.1
Project("{9A19103F-16F7-4668-BE54-9A1E7A4F7556}") = "Challenges", "Challenges\Challenges.csproj", "{3F425870-1736-48C7-9861-90F1C1A38CEE}"
EndProject
Project("{2150E333-8FDC-42A3-9474-1A3956D46DE8}") = "Solution Items", "Solution Items", "{D3CA1E12-FAC6-4F5B-B1AA-E04B0C7DBDD1}"
	ProjectSection(SolutionItems) = preProject
		README.md = README.md
	EndProjectSection
EndProject
Global
	GlobalSection(SolutionConfigurationPlatforms) = preSolution
		Debug|Any CPU = Debug|Any CPU
		Release|Any CPU = Release|Any CPU
	EndGlobalSection
	GlobalSection(ProjectConfigurationPlatforms) = postSolution
		{3F425870-1736-48C7-9861-90F1C1A38CEE}.Debug|Any CPU.ActiveCfg = Debug|Any CPU
		{3F425870-1736-48C7-9861-90F1C1A38CEE}.Debug|Any CPU.Build.0 = Debug|Any CPU
		{3F425870-1736-48C7-9861-90F1C1A38CEE}.Release|Any CPU.ActiveCfg = Release|Any CPU
		{3F425870-1736-48C7-9861-90F1C1A38CEE}.Release|Any CPU.Build.0 = Release|Any CPU
	EndGlobalSection
	GlobalSection(SolutionProperties) = preSolution
		HideSolutionNode = FALSE
	EndGlobalSection
	GlobalSection(ExtensibilityGlobals) = postSolution
		SolutionGuid = {8CE08D37-1DBC-4D98-8238-85865DF36648}
	EndGlobalSection
EndGlobal
